
Microsoft Visual Studio Solution File, Format Version 12.00
# Visual Studio Version 17
VisualStudioVersion = 17.0.31717.71
MinimumVisualStudioVersion = 10.0.40219.1
Project("{9A19103F-16F7-4668-BE54-9A1E7A4F7556}") = "Hurl.BrowserSelector", "Source\Hurl.BrowserSelector\Hurl.BrowserSelector.csproj", "{3B8293BB-A929-44CD-BC07-EC718CB60823}"
	ProjectSection(ProjectDependencies) = postProject
		{30822343-5DFD-4B1A-AD87-14396AA8B995} = {30822343-5DFD-4B1A-AD87-14396AA8B995}
		{9772FB0A-3A27-4D25-B9CA-06C54E248D3E} = {9772FB0A-3A27-4D25-B9CA-06C54E248D3E}
	EndProjectSection
EndProject
Project("{9A19103F-16F7-4668-BE54-9A1E7A4F7556}") = "Hurl.Settings", "Source\Hurl.Settings\Hurl.Settings.csproj", "{47E7F54D-B97D-454D-B1D1-5695BBEEC3DE}"
	ProjectSection(ProjectDependencies) = postProject
		{30822343-5DFD-4B1A-AD87-14396AA8B995} = {30822343-5DFD-4B1A-AD87-14396AA8B995}
		{3B8293BB-A929-44CD-BC07-EC718CB60823} = {3B8293BB-A929-44CD-BC07-EC718CB60823}
	EndProjectSection
EndProject
Project("{9A19103F-16F7-4668-BE54-9A1E7A4F7556}") = "Hurl.Library", "Source\Hurl.Library\Hurl.Library.csproj", "{30822343-5DFD-4B1A-AD87-14396AA8B995}"
EndProject
Project("{9A19103F-16F7-4668-BE54-9A1E7A4F7556}") = "Wpf.Ui", "Source\Wpfui\src\Wpf.Ui\Wpf.Ui.csproj", "{9772FB0A-3A27-4D25-B9CA-06C54E248D3E}"
EndProject
Project("{9A19103F-16F7-4668-BE54-9A1E7A4F7556}") = "Hurl.SettingsApp", "Source\Hurl.SettingsApp\Hurl.SettingsApp.csproj", "{EEFBC239-5F8D-4C25-8C62-8F55F7229C84}"
EndProject
Global
	GlobalSection(SolutionConfigurationPlatforms) = preSolution
		Debug|Any CPU = Debug|Any CPU
		Debug|ARM64 = Debug|ARM64
		Debug|x64 = Debug|x64
		Release|Any CPU = Release|Any CPU
		Release|ARM64 = Release|ARM64
		Release|x64 = Release|x64
	EndGlobalSection
	GlobalSection(ProjectConfigurationPlatforms) = postSolution
		{3B8293BB-A929-44CD-BC07-EC718CB60823}.Debug|Any CPU.ActiveCfg = Debug|Any CPU
		{3B8293BB-A929-44CD-BC07-EC718CB60823}.Debug|Any CPU.Build.0 = Debug|Any CPU
		{3B8293BB-A929-44CD-BC07-EC718CB60823}.Debug|ARM64.ActiveCfg = Debug|Any CPU
		{3B8293BB-A929-44CD-BC07-EC718CB60823}.Debug|ARM64.Build.0 = Debug|Any CPU
		{3B8293BB-A929-44CD-BC07-EC718CB60823}.Debug|x64.ActiveCfg = Debug|Any CPU
		{3B8293BB-A929-44CD-BC07-EC718CB60823}.Debug|x64.Build.0 = Debug|Any CPU
		{3B8293BB-A929-44CD-BC07-EC718CB60823}.Release|Any CPU.ActiveCfg = Release|Any CPU
		{3B8293BB-A929-44CD-BC07-EC718CB60823}.Release|Any CPU.Build.0 = Release|Any CPU
		{3B8293BB-A929-44CD-BC07-EC718CB60823}.Release|ARM64.ActiveCfg = Release|Any CPU
		{3B8293BB-A929-44CD-BC07-EC718CB60823}.Release|ARM64.Build.0 = Release|Any CPU
		{3B8293BB-A929-44CD-BC07-EC718CB60823}.Release|x64.ActiveCfg = Release|Any CPU
		{3B8293BB-A929-44CD-BC07-EC718CB60823}.Release|x64.Build.0 = Release|Any CPU
		{47E7F54D-B97D-454D-B1D1-5695BBEEC3DE}.Debug|Any CPU.ActiveCfg = Debug|Any CPU
		{47E7F54D-B97D-454D-B1D1-5695BBEEC3DE}.Debug|Any CPU.Build.0 = Debug|Any CPU
		{47E7F54D-B97D-454D-B1D1-5695BBEEC3DE}.Debug|ARM64.ActiveCfg = Debug|Any CPU
		{47E7F54D-B97D-454D-B1D1-5695BBEEC3DE}.Debug|ARM64.Build.0 = Debug|Any CPU
		{47E7F54D-B97D-454D-B1D1-5695BBEEC3DE}.Debug|x64.ActiveCfg = Debug|Any CPU
		{47E7F54D-B97D-454D-B1D1-5695BBEEC3DE}.Debug|x64.Build.0 = Debug|Any CPU
		{47E7F54D-B97D-454D-B1D1-5695BBEEC3DE}.Release|Any CPU.ActiveCfg = Release|Any CPU
		{47E7F54D-B97D-454D-B1D1-5695BBEEC3DE}.Release|Any CPU.Build.0 = Release|Any CPU
		{47E7F54D-B97D-454D-B1D1-5695BBEEC3DE}.Release|ARM64.ActiveCfg = Release|Any CPU
		{47E7F54D-B97D-454D-B1D1-5695BBEEC3DE}.Release|ARM64.Build.0 = Release|Any CPU
		{47E7F54D-B97D-454D-B1D1-5695BBEEC3DE}.Release|x64.ActiveCfg = Release|Any CPU
		{47E7F54D-B97D-454D-B1D1-5695BBEEC3DE}.Release|x64.Build.0 = Release|Any CPU
		{30822343-5DFD-4B1A-AD87-14396AA8B995}.Debug|Any CPU.ActiveCfg = Debug|Any CPU
		{30822343-5DFD-4B1A-AD87-14396AA8B995}.Debug|Any CPU.Build.0 = Debug|Any CPU
		{30822343-5DFD-4B1A-AD87-14396AA8B995}.Debug|ARM64.ActiveCfg = Debug|Any CPU
		{30822343-5DFD-4B1A-AD87-14396AA8B995}.Debug|ARM64.Build.0 = Debug|Any CPU
		{30822343-5DFD-4B1A-AD87-14396AA8B995}.Debug|x64.ActiveCfg = Debug|Any CPU
		{30822343-5DFD-4B1A-AD87-14396AA8B995}.Debug|x64.Build.0 = Debug|Any CPU
		{30822343-5DFD-4B1A-AD87-14396AA8B995}.Release|Any CPU.ActiveCfg = Release|Any CPU
		{30822343-5DFD-4B1A-AD87-14396AA8B995}.Release|Any CPU.Build.0 = Release|Any CPU
		{30822343-5DFD-4B1A-AD87-14396AA8B995}.Release|ARM64.ActiveCfg = Release|Any CPU
		{30822343-5DFD-4B1A-AD87-14396AA8B995}.Release|ARM64.Build.0 = Release|Any CPU
		{30822343-5DFD-4B1A-AD87-14396AA8B995}.Release|x64.ActiveCfg = Release|Any CPU
		{30822343-5DFD-4B1A-AD87-14396AA8B995}.Release|x64.Build.0 = Release|Any CPU
		{9772FB0A-3A27-4D25-B9CA-06C54E248D3E}.Debug|Any CPU.ActiveCfg = Debug|Any CPU
		{9772FB0A-3A27-4D25-B9CA-06C54E248D3E}.Debug|Any CPU.Build.0 = Debug|Any CPU
		{9772FB0A-3A27-4D25-B9CA-06C54E248D3E}.Debug|ARM64.ActiveCfg = Debug|Any CPU
		{9772FB0A-3A27-4D25-B9CA-06C54E248D3E}.Debug|ARM64.Build.0 = Debug|Any CPU
		{9772FB0A-3A27-4D25-B9CA-06C54E248D3E}.Debug|x64.ActiveCfg = Debug|Any CPU
		{9772FB0A-3A27-4D25-B9CA-06C54E248D3E}.Debug|x64.Build.0 = Debug|Any CPU
		{9772FB0A-3A27-4D25-B9CA-06C54E248D3E}.Release|Any CPU.ActiveCfg = Release|Any CPU
		{9772FB0A-3A27-4D25-B9CA-06C54E248D3E}.Release|Any CPU.Build.0 = Release|Any CPU
		{9772FB0A-3A27-4D25-B9CA-06C54E248D3E}.Release|ARM64.ActiveCfg = Release|Any CPU
		{9772FB0A-3A27-4D25-B9CA-06C54E248D3E}.Release|ARM64.Build.0 = Release|Any CPU
		{9772FB0A-3A27-4D25-B9CA-06C54E248D3E}.Release|x64.ActiveCfg = Release|Any CPU
		{9772FB0A-3A27-4D25-B9CA-06C54E248D3E}.Release|x64.Build.0 = Release|Any CPU
		{EEFBC239-5F8D-4C25-8C62-8F55F7229C84}.Debug|Any CPU.ActiveCfg = Debug|x64
		{EEFBC239-5F8D-4C25-8C62-8F55F7229C84}.Debug|Any CPU.Build.0 = Debug|x64
		{EEFBC239-5F8D-4C25-8C62-8F55F7229C84}.Debug|Any CPU.Deploy.0 = Debug|x64
		{EEFBC239-5F8D-4C25-8C62-8F55F7229C84}.Debug|ARM64.ActiveCfg = Debug|ARM64
		{EEFBC239-5F8D-4C25-8C62-8F55F7229C84}.Debug|ARM64.Build.0 = Debug|ARM64
		{EEFBC239-5F8D-4C25-8C62-8F55F7229C84}.Debug|ARM64.Deploy.0 = Debug|ARM64
		{EEFBC239-5F8D-4C25-8C62-8F55F7229C84}.Debug|x64.ActiveCfg = Debug|x64
		{EEFBC239-5F8D-4C25-8C62-8F55F7229C84}.Debug|x64.Build.0 = Debug|x64
		{EEFBC239-5F8D-4C25-8C62-8F55F7229C84}.Debug|x64.Deploy.0 = Debug|x64
		{EEFBC239-5F8D-4C25-8C62-8F55F7229C84}.Release|Any CPU.ActiveCfg = Release|x64
		{EEFBC239-5F8D-4C25-8C62-8F55F7229C84}.Release|Any CPU.Build.0 = Release|x64
		{EEFBC239-5F8D-4C25-8C62-8F55F7229C84}.Release|Any CPU.Deploy.0 = Release|x64
		{EEFBC239-5F8D-4C25-8C62-8F55F7229C84}.Release|ARM64.ActiveCfg = Release|ARM64
		{EEFBC239-5F8D-4C25-8C62-8F55F7229C84}.Release|ARM64.Build.0 = Release|ARM64
		{EEFBC239-5F8D-4C25-8C62-8F55F7229C84}.Release|ARM64.Deploy.0 = Release|ARM64
		{EEFBC239-5F8D-4C25-8C62-8F55F7229C84}.Release|x64.ActiveCfg = Release|x64
		{EEFBC239-5F8D-4C25-8C62-8F55F7229C84}.Release|x64.Build.0 = Release|x64
		{EEFBC239-5F8D-4C25-8C62-8F55F7229C84}.Release|x64.Deploy.0 = Release|x64
	EndGlobalSection
	GlobalSection(SolutionProperties) = preSolution
		HideSolutionNode = FALSE
	EndGlobalSection
	GlobalSection(ExtensibilityGlobals) = postSolution
		SolutionGuid = {65DBE97B-ED36-4ACA-BF38-E6073A99AA1B}
	EndGlobalSection
EndGlobal
