
Microsoft Visual Studio Solution File, Format Version 12.00
# Visual Studio Version 17
VisualStudioVersion = 17.0.31717.71
MinimumVisualStudioVersion = 10.0.40219.1
Project("{9A19103F-16F7-4668-BE54-9A1E7A4F7556}") = "Hurl.BrowserSelector", "Source\Hurl.BrowserSelector\Hurl.BrowserSelector.csproj", "{3B8293BB-A929-44CD-BC07-EC718CB60823}"
	ProjectSection(ProjectDependencies) = postProject
		{30822343-5DFD-4B1A-AD87-14396AA8B995} = {30822343-5DFD-4B1A-AD87-14396AA8B995}
	EndProjectSection
EndProject
Project("{9A19103F-16F7-4668-BE54-9A1E7A4F7556}") = "Hurl.Library", "Source\Hurl.Library\Hurl.Library.csproj", "{30822343-5DFD-4B1A-AD87-14396AA8B995}"
EndProject
Project("{9A19103F-16F7-4668-BE54-9A1E7A4F7556}") = "Hurl.Settings", "Source\Hurl.Settings\Hurl.Settings.csproj", "{C4DB15A3-1D60-437C-BD29-688E9E280E87}"
EndProject
Project("{FAE04EC0-301F-11D3-BF4B-00C04F79EFBC}") = "Hurl.Selector", "Source\Hurl.Selector\Hurl.Selector.csproj", "{2406894E-1688-44C0-BBA8-2EB8FF11709B}"
EndProject
Global
	GlobalSection(SolutionConfigurationPlatforms) = preSolution
		Debug|Any CPU = Debug|Any CPU
		Debug|ARM64 = Debug|ARM64
		Debug|x64 = Debug|x64
		Debug|x86 = Debug|x86
		Release|Any CPU = Release|Any CPU
		Release|ARM64 = Release|ARM64
		Release|x64 = Release|x64
		Release|x86 = Release|x86
	EndGlobalSection
	GlobalSection(ProjectConfigurationPlatforms) = postSolution
		{3B8293BB-A929-44CD-BC07-EC718CB60823}.Debug|Any CPU.ActiveCfg = Debug|Any CPU
		{3B8293BB-A929-44CD-BC07-EC718CB60823}.Debug|Any CPU.Build.0 = Debug|Any CPU
		{3B8293BB-A929-44CD-BC07-EC718CB60823}.Debug|ARM64.ActiveCfg = Debug|Any CPU
		{3B8293BB-A929-44CD-BC07-EC718CB60823}.Debug|ARM64.Build.0 = Debug|Any CPU
		{3B8293BB-A929-44CD-BC07-EC718CB60823}.Debug|x64.ActiveCfg = Debug|Any CPU
		{3B8293BB-A929-44CD-BC07-EC718CB60823}.Debug|x64.Build.0 = Debug|Any CPU
		{3B8293BB-A929-44CD-BC07-EC718CB60823}.Debug|x86.ActiveCfg = Debug|Any CPU
		{3B8293BB-A929-44CD-BC07-EC718CB60823}.Debug|x86.Build.0 = Debug|Any CPU
		{3B8293BB-A929-44CD-BC07-EC718CB60823}.Release|Any CPU.ActiveCfg = Release|Any CPU
		{3B8293BB-A929-44CD-BC07-EC718CB60823}.Release|Any CPU.Build.0 = Release|Any CPU
		{3B8293BB-A929-44CD-BC07-EC718CB60823}.Release|ARM64.ActiveCfg = Release|Any CPU
		{3B8293BB-A929-44CD-BC07-EC718CB60823}.Release|ARM64.Build.0 = Release|Any CPU
		{3B8293BB-A929-44CD-BC07-EC718CB60823}.Release|x64.ActiveCfg = Release|Any CPU
		{3B8293BB-A929-44CD-BC07-EC718CB60823}.Release|x64.Build.0 = Release|Any CPU
		{3B8293BB-A929-44CD-BC07-EC718CB60823}.Release|x86.ActiveCfg = Release|Any CPU
		{3B8293BB-A929-44CD-BC07-EC718CB60823}.Release|x86.Build.0 = Release|Any CPU
		{30822343-5DFD-4B1A-AD87-14396AA8B995}.Debug|Any CPU.ActiveCfg = Debug|Any CPU
		{30822343-5DFD-4B1A-AD87-14396AA8B995}.Debug|Any CPU.Build.0 = Debug|Any CPU
		{30822343-5DFD-4B1A-AD87-14396AA8B995}.Debug|ARM64.ActiveCfg = Debug|Any CPU
		{30822343-5DFD-4B1A-AD87-14396AA8B995}.Debug|ARM64.Build.0 = Debug|Any CPU
		{30822343-5DFD-4B1A-AD87-14396AA8B995}.Debug|x64.ActiveCfg = Debug|Any CPU
		{30822343-5DFD-4B1A-AD87-14396AA8B995}.Debug|x64.Build.0 = Debug|Any CPU
		{30822343-5DFD-4B1A-AD87-14396AA8B995}.Debug|x86.ActiveCfg = Debug|Any CPU
		{30822343-5DFD-4B1A-AD87-14396AA8B995}.Debug|x86.Build.0 = Debug|Any CPU
		{30822343-5DFD-4B1A-AD87-14396AA8B995}.Release|Any CPU.ActiveCfg = Release|Any CPU
		{30822343-5DFD-4B1A-AD87-14396AA8B995}.Release|Any CPU.Build.0 = Release|Any CPU
		{30822343-5DFD-4B1A-AD87-14396AA8B995}.Release|ARM64.ActiveCfg = Release|Any CPU
		{30822343-5DFD-4B1A-AD87-14396AA8B995}.Release|ARM64.Build.0 = Release|Any CPU
		{30822343-5DFD-4B1A-AD87-14396AA8B995}.Release|x64.ActiveCfg = Release|Any CPU
		{30822343-5DFD-4B1A-AD87-14396AA8B995}.Release|x64.Build.0 = Release|Any CPU
		{30822343-5DFD-4B1A-AD87-14396AA8B995}.Release|x86.ActiveCfg = Release|Any CPU
		{30822343-5DFD-4B1A-AD87-14396AA8B995}.Release|x86.Build.0 = Release|Any CPU
		{C4DB15A3-1D60-437C-BD29-688E9E280E87}.Debug|Any CPU.ActiveCfg = Debug|x64
		{C4DB15A3-1D60-437C-BD29-688E9E280E87}.Debug|Any CPU.Build.0 = Debug|x64
		{C4DB15A3-1D60-437C-BD29-688E9E280E87}.Debug|ARM64.ActiveCfg = Debug|ARM64
		{C4DB15A3-1D60-437C-BD29-688E9E280E87}.Debug|ARM64.Build.0 = Debug|ARM64
		{C4DB15A3-1D60-437C-BD29-688E9E280E87}.Debug|x64.ActiveCfg = Debug|x64
		{C4DB15A3-1D60-437C-BD29-688E9E280E87}.Debug|x64.Build.0 = Debug|x64
		{C4DB15A3-1D60-437C-BD29-688E9E280E87}.Debug|x86.ActiveCfg = Debug|x64
		{C4DB15A3-1D60-437C-BD29-688E9E280E87}.Debug|x86.Build.0 = Debug|x64
		{C4DB15A3-1D60-437C-BD29-688E9E280E87}.Release|Any CPU.ActiveCfg = Release|x64
		{C4DB15A3-1D60-437C-BD29-688E9E280E87}.Release|Any CPU.Build.0 = Release|x64
		{C4DB15A3-1D60-437C-BD29-688E9E280E87}.Release|ARM64.ActiveCfg = Release|ARM64
		{C4DB15A3-1D60-437C-BD29-688E9E280E87}.Release|ARM64.Build.0 = Release|ARM64
		{C4DB15A3-1D60-437C-BD29-688E9E280E87}.Release|x64.ActiveCfg = Release|x64
		{C4DB15A3-1D60-437C-BD29-688E9E280E87}.Release|x64.Build.0 = Release|x64
		{C4DB15A3-1D60-437C-BD29-688E9E280E87}.Release|x86.ActiveCfg = Release|x64
		{C4DB15A3-1D60-437C-BD29-688E9E280E87}.Release|x86.Build.0 = Release|x64
		{2406894E-1688-44C0-BBA8-2EB8FF11709B}.Debug|Any CPU.ActiveCfg = Debug|x64
		{2406894E-1688-44C0-BBA8-2EB8FF11709B}.Debug|Any CPU.Build.0 = Debug|x64
		{2406894E-1688-44C0-BBA8-2EB8FF11709B}.Debug|Any CPU.Deploy.0 = Debug|x64
		{2406894E-1688-44C0-BBA8-2EB8FF11709B}.Debug|ARM64.ActiveCfg = Debug|ARM64
		{2406894E-1688-44C0-BBA8-2EB8FF11709B}.Debug|ARM64.Build.0 = Debug|ARM64
		{2406894E-1688-44C0-BBA8-2EB8FF11709B}.Debug|ARM64.Deploy.0 = Debug|ARM64
		{2406894E-1688-44C0-BBA8-2EB8FF11709B}.Debug|x64.ActiveCfg = Debug|x64
		{2406894E-1688-44C0-BBA8-2EB8FF11709B}.Debug|x64.Build.0 = Debug|x64
		{2406894E-1688-44C0-BBA8-2EB8FF11709B}.Debug|x64.Deploy.0 = Debug|x64
		{2406894E-1688-44C0-BBA8-2EB8FF11709B}.Debug|x86.ActiveCfg = Debug|x86
		{2406894E-1688-44C0-BBA8-2EB8FF11709B}.Debug|x86.Build.0 = Debug|x86
		{2406894E-1688-44C0-BBA8-2EB8FF11709B}.Debug|x86.Deploy.0 = Debug|x86
		{2406894E-1688-44C0-BBA8-2EB8FF11709B}.Release|Any CPU.ActiveCfg = Release|x64
		{2406894E-1688-44C0-BBA8-2EB8FF11709B}.Release|Any CPU.Build.0 = Release|x64
		{2406894E-1688-44C0-BBA8-2EB8FF11709B}.Release|Any CPU.Deploy.0 = Release|x64
		{2406894E-1688-44C0-BBA8-2EB8FF11709B}.Release|ARM64.ActiveCfg = Release|ARM64
		{2406894E-1688-44C0-BBA8-2EB8FF11709B}.Release|ARM64.Build.0 = Release|ARM64
		{2406894E-1688-44C0-BBA8-2EB8FF11709B}.Release|ARM64.Deploy.0 = Release|ARM64
		{2406894E-1688-44C0-BBA8-2EB8FF11709B}.Release|x64.ActiveCfg = Release|x64
		{2406894E-1688-44C0-BBA8-2EB8FF11709B}.Release|x64.Build.0 = Release|x64
		{2406894E-1688-44C0-BBA8-2EB8FF11709B}.Release|x64.Deploy.0 = Release|x64
		{2406894E-1688-44C0-BBA8-2EB8FF11709B}.Release|x86.ActiveCfg = Release|x86
		{2406894E-1688-44C0-BBA8-2EB8FF11709B}.Release|x86.Build.0 = Release|x86
		{2406894E-1688-44C0-BBA8-2EB8FF11709B}.Release|x86.Deploy.0 = Release|x86
	EndGlobalSection
	GlobalSection(SolutionProperties) = preSolution
		HideSolutionNode = FALSE
	EndGlobalSection
	GlobalSection(ExtensibilityGlobals) = postSolution
		SolutionGuid = {65DBE97B-ED36-4ACA-BF38-E6073A99AA1B}
	EndGlobalSection
EndGlobal
