
Microsoft Visual Studio Solution File, Format Version 12.00
# Visual Studio Version 17
VisualStudioVersion = 17.0.31717.71
MinimumVisualStudioVersion = 10.0.40219.1
Project("{FAE04EC0-301F-11D3-BF4B-00C04F79EFBC}") = "Hurl.BrowserSelector", "Hurl.BrowserSelector\Hurl.BrowserSelector.csproj", "{3B8293BB-A929-44CD-BC07-EC718CB60823}"
EndProject
Project("{FAE04EC0-301F-11D3-BF4B-00C04F79EFBC}") = "Hurl.Settings", "Hurl.Settings\Hurl.Settings.csproj", "{936AD3AE-543D-40E4-9B4B-4FD008946CB7}"
	ProjectSection(ProjectDependencies) = postProject
		{3B8293BB-A929-44CD-BC07-EC718CB60823} = {3B8293BB-A929-44CD-BC07-EC718CB60823}
	EndProjectSection
EndProject
Project("{FAE04EC0-301F-11D3-BF4B-00C04F79EFBC}") = "Hurl.SharedLibraries", "Hurl.SharedLibraries\Hurl.SharedLibraries.csproj", "{8ADE2213-0F79-4E7A-9E36-ABD2745E9F8A}"
EndProject
Global
	GlobalSection(SolutionConfigurationPlatforms) = preSolution
		Debug|Any CPU = Debug|Any CPU
		Release|Any CPU = Release|Any CPU
	EndGlobalSection
	GlobalSection(ProjectConfigurationPlatforms) = postSolution
		{3B8293BB-A929-44CD-BC07-EC718CB60823}.Debug|Any CPU.ActiveCfg = Debug|Any CPU
		{3B8293BB-A929-44CD-BC07-EC718CB60823}.Debug|Any CPU.Build.0 = Debug|Any CPU
		{3B8293BB-A929-44CD-BC07-EC718CB60823}.Release|Any CPU.ActiveCfg = Release|Any CPU
		{3B8293BB-A929-44CD-BC07-EC718CB60823}.Release|Any CPU.Build.0 = Release|Any CPU
		{936AD3AE-543D-40E4-9B4B-4FD008946CB7}.Debug|Any CPU.ActiveCfg = Debug|Any CPU
		{936AD3AE-543D-40E4-9B4B-4FD008946CB7}.Debug|Any CPU.Build.0 = Debug|Any CPU
		{936AD3AE-543D-40E4-9B4B-4FD008946CB7}.Release|Any CPU.ActiveCfg = Release|Any CPU
		{936AD3AE-543D-40E4-9B4B-4FD008946CB7}.Release|Any CPU.Build.0 = Release|Any CPU
		{8ADE2213-0F79-4E7A-9E36-ABD2745E9F8A}.Debug|Any CPU.ActiveCfg = Debug|Any CPU
		{8ADE2213-0F79-4E7A-9E36-ABD2745E9F8A}.Debug|Any CPU.Build.0 = Debug|Any CPU
		{8ADE2213-0F79-4E7A-9E36-ABD2745E9F8A}.Release|Any CPU.ActiveCfg = Release|Any CPU
		{8ADE2213-0F79-4E7A-9E36-ABD2745E9F8A}.Release|Any CPU.Build.0 = Release|Any CPU
	EndGlobalSection
	GlobalSection(SolutionProperties) = preSolution
		HideSolutionNode = FALSE
	EndGlobalSection
	GlobalSection(ExtensibilityGlobals) = postSolution
		SolutionGuid = {65DBE97B-ED36-4ACA-BF38-E6073A99AA1B}
	EndGlobalSection
EndGlobal
