
Microsoft Visual Studio Solution File, Format Version 12.00
# Visual Studio Version 17
VisualStudioVersion = 17.0.31521.260
MinimumVisualStudioVersion = 10.0.40219.1
Project("{FAE04EC0-301F-11D3-BF4B-00C04F79EFBC}") = "Hurl", "Hurl\Hurl.csproj", "{B899035B-73F8-456C-B8B4-A30390507FE7}"
EndProject
Project("{FAE04EC0-301F-11D3-BF4B-00C04F79EFBC}") = "BrowserStarter", "BrowserStarter\BrowserStarter.csproj", "{40811F8D-E61E-4E9D-B5D0-0FAC0E98494E}"
EndProject
Project("{C7167F0D-BC9F-4E6E-AFE1-012C56B48DB5}") = "Hurl.Package", "Hurl.Package\Hurl.Package.wapproj", "{A108C2B9-E260-4D20-BE1A-FF3A05198F57}"
EndProject
Global
	GlobalSection(SolutionConfigurationPlatforms) = preSolution
		Debug|Any CPU = Debug|Any CPU
		Debug|ARM = Debug|ARM
		Debug|ARM64 = Debug|ARM64
		Debug|x64 = Debug|x64
		Debug|x86 = Debug|x86
		Release|Any CPU = Release|Any CPU
		Release|ARM = Release|ARM
		Release|ARM64 = Release|ARM64
		Release|x64 = Release|x64
		Release|x86 = Release|x86
	EndGlobalSection
	GlobalSection(ProjectConfigurationPlatforms) = postSolution
		{B899035B-73F8-456C-B8B4-A30390507FE7}.Debug|Any CPU.ActiveCfg = Debug|x86
		{B899035B-73F8-456C-B8B4-A30390507FE7}.Debug|Any CPU.Build.0 = Debug|x86
		{B899035B-73F8-456C-B8B4-A30390507FE7}.Debug|ARM.ActiveCfg = Debug|ARM
		{B899035B-73F8-456C-B8B4-A30390507FE7}.Debug|ARM.Build.0 = Debug|ARM
		{B899035B-73F8-456C-B8B4-A30390507FE7}.Debug|ARM.Deploy.0 = Debug|ARM
		{B899035B-73F8-456C-B8B4-A30390507FE7}.Debug|ARM64.ActiveCfg = Debug|ARM64
		{B899035B-73F8-456C-B8B4-A30390507FE7}.Debug|ARM64.Build.0 = Debug|ARM64
		{B899035B-73F8-456C-B8B4-A30390507FE7}.Debug|ARM64.Deploy.0 = Debug|ARM64
		{B899035B-73F8-456C-B8B4-A30390507FE7}.Debug|x64.ActiveCfg = Debug|x64
		{B899035B-73F8-456C-B8B4-A30390507FE7}.Debug|x64.Build.0 = Debug|x64
		{B899035B-73F8-456C-B8B4-A30390507FE7}.Debug|x86.ActiveCfg = Debug|x86
		{B899035B-73F8-456C-B8B4-A30390507FE7}.Debug|x86.Build.0 = Debug|x86
		{B899035B-73F8-456C-B8B4-A30390507FE7}.Release|Any CPU.ActiveCfg = Release|x86
		{B899035B-73F8-456C-B8B4-A30390507FE7}.Release|Any CPU.Build.0 = Release|x86
		{B899035B-73F8-456C-B8B4-A30390507FE7}.Release|ARM.ActiveCfg = Release|ARM
		{B899035B-73F8-456C-B8B4-A30390507FE7}.Release|ARM.Build.0 = Release|ARM
		{B899035B-73F8-456C-B8B4-A30390507FE7}.Release|ARM.Deploy.0 = Release|ARM
		{B899035B-73F8-456C-B8B4-A30390507FE7}.Release|ARM64.ActiveCfg = Release|ARM64
		{B899035B-73F8-456C-B8B4-A30390507FE7}.Release|ARM64.Build.0 = Release|ARM64
		{B899035B-73F8-456C-B8B4-A30390507FE7}.Release|ARM64.Deploy.0 = Release|ARM64
		{B899035B-73F8-456C-B8B4-A30390507FE7}.Release|x64.ActiveCfg = Release|x64
		{B899035B-73F8-456C-B8B4-A30390507FE7}.Release|x64.Build.0 = Release|x64
		{B899035B-73F8-456C-B8B4-A30390507FE7}.Release|x86.ActiveCfg = Release|x86
		{B899035B-73F8-456C-B8B4-A30390507FE7}.Release|x86.Build.0 = Release|x86
		{40811F8D-E61E-4E9D-B5D0-0FAC0E98494E}.Debug|Any CPU.ActiveCfg = Debug|Any CPU
		{40811F8D-E61E-4E9D-B5D0-0FAC0E98494E}.Debug|Any CPU.Build.0 = Debug|Any CPU
		{40811F8D-E61E-4E9D-B5D0-0FAC0E98494E}.Debug|ARM.ActiveCfg = Debug|Any CPU
		{40811F8D-E61E-4E9D-B5D0-0FAC0E98494E}.Debug|ARM.Build.0 = Debug|Any CPU
		{40811F8D-E61E-4E9D-B5D0-0FAC0E98494E}.Debug|ARM64.ActiveCfg = Debug|Any CPU
		{40811F8D-E61E-4E9D-B5D0-0FAC0E98494E}.Debug|ARM64.Build.0 = Debug|Any CPU
		{40811F8D-E61E-4E9D-B5D0-0FAC0E98494E}.Debug|x64.ActiveCfg = Debug|Any CPU
		{40811F8D-E61E-4E9D-B5D0-0FAC0E98494E}.Debug|x64.Build.0 = Debug|Any CPU
		{40811F8D-E61E-4E9D-B5D0-0FAC0E98494E}.Debug|x86.ActiveCfg = Debug|Any CPU
		{40811F8D-E61E-4E9D-B5D0-0FAC0E98494E}.Debug|x86.Build.0 = Debug|Any CPU
		{40811F8D-E61E-4E9D-B5D0-0FAC0E98494E}.Release|Any CPU.ActiveCfg = Release|Any CPU
		{40811F8D-E61E-4E9D-B5D0-0FAC0E98494E}.Release|Any CPU.Build.0 = Release|Any CPU
		{40811F8D-E61E-4E9D-B5D0-0FAC0E98494E}.Release|ARM.ActiveCfg = Release|Any CPU
		{40811F8D-E61E-4E9D-B5D0-0FAC0E98494E}.Release|ARM.Build.0 = Release|Any CPU
		{40811F8D-E61E-4E9D-B5D0-0FAC0E98494E}.Release|ARM64.ActiveCfg = Release|Any CPU
		{40811F8D-E61E-4E9D-B5D0-0FAC0E98494E}.Release|ARM64.Build.0 = Release|Any CPU
		{40811F8D-E61E-4E9D-B5D0-0FAC0E98494E}.Release|x64.ActiveCfg = Release|Any CPU
		{40811F8D-E61E-4E9D-B5D0-0FAC0E98494E}.Release|x64.Build.0 = Release|Any CPU
		{40811F8D-E61E-4E9D-B5D0-0FAC0E98494E}.Release|x86.ActiveCfg = Release|Any CPU
		{40811F8D-E61E-4E9D-B5D0-0FAC0E98494E}.Release|x86.Build.0 = Release|Any CPU
		{A108C2B9-E260-4D20-BE1A-FF3A05198F57}.Debug|Any CPU.ActiveCfg = Debug|Any CPU
		{A108C2B9-E260-4D20-BE1A-FF3A05198F57}.Debug|Any CPU.Build.0 = Debug|Any CPU
		{A108C2B9-E260-4D20-BE1A-FF3A05198F57}.Debug|Any CPU.Deploy.0 = Debug|Any CPU
		{A108C2B9-E260-4D20-BE1A-FF3A05198F57}.Debug|ARM.ActiveCfg = Debug|ARM
		{A108C2B9-E260-4D20-BE1A-FF3A05198F57}.Debug|ARM.Build.0 = Debug|ARM
		{A108C2B9-E260-4D20-BE1A-FF3A05198F57}.Debug|ARM.Deploy.0 = Debug|ARM
		{A108C2B9-E260-4D20-BE1A-FF3A05198F57}.Debug|ARM64.ActiveCfg = Debug|ARM64
		{A108C2B9-E260-4D20-BE1A-FF3A05198F57}.Debug|ARM64.Build.0 = Debug|ARM64
		{A108C2B9-E260-4D20-BE1A-FF3A05198F57}.Debug|ARM64.Deploy.0 = Debug|ARM64
		{A108C2B9-E260-4D20-BE1A-FF3A05198F57}.Debug|x64.ActiveCfg = Debug|x64
		{A108C2B9-E260-4D20-BE1A-FF3A05198F57}.Debug|x64.Build.0 = Debug|x64
		{A108C2B9-E260-4D20-BE1A-FF3A05198F57}.Debug|x64.Deploy.0 = Debug|x64
		{A108C2B9-E260-4D20-BE1A-FF3A05198F57}.Debug|x86.ActiveCfg = Debug|x86
		{A108C2B9-E260-4D20-BE1A-FF3A05198F57}.Debug|x86.Build.0 = Debug|x86
		{A108C2B9-E260-4D20-BE1A-FF3A05198F57}.Debug|x86.Deploy.0 = Debug|x86
		{A108C2B9-E260-4D20-BE1A-FF3A05198F57}.Release|Any CPU.ActiveCfg = Release|Any CPU
		{A108C2B9-E260-4D20-BE1A-FF3A05198F57}.Release|Any CPU.Build.0 = Release|Any CPU
		{A108C2B9-E260-4D20-BE1A-FF3A05198F57}.Release|Any CPU.Deploy.0 = Release|Any CPU
		{A108C2B9-E260-4D20-BE1A-FF3A05198F57}.Release|ARM.ActiveCfg = Release|ARM
		{A108C2B9-E260-4D20-BE1A-FF3A05198F57}.Release|ARM.Build.0 = Release|ARM
		{A108C2B9-E260-4D20-BE1A-FF3A05198F57}.Release|ARM.Deploy.0 = Release|ARM
		{A108C2B9-E260-4D20-BE1A-FF3A05198F57}.Release|ARM64.ActiveCfg = Release|ARM64
		{A108C2B9-E260-4D20-BE1A-FF3A05198F57}.Release|ARM64.Build.0 = Release|ARM64
		{A108C2B9-E260-4D20-BE1A-FF3A05198F57}.Release|ARM64.Deploy.0 = Release|ARM64
		{A108C2B9-E260-4D20-BE1A-FF3A05198F57}.Release|x64.ActiveCfg = Release|x64
		{A108C2B9-E260-4D20-BE1A-FF3A05198F57}.Release|x64.Build.0 = Release|x64
		{A108C2B9-E260-4D20-BE1A-FF3A05198F57}.Release|x64.Deploy.0 = Release|x64
		{A108C2B9-E260-4D20-BE1A-FF3A05198F57}.Release|x86.ActiveCfg = Release|x86
		{A108C2B9-E260-4D20-BE1A-FF3A05198F57}.Release|x86.Build.0 = Release|x86
		{A108C2B9-E260-4D20-BE1A-FF3A05198F57}.Release|x86.Deploy.0 = Release|x86
	EndGlobalSection
	GlobalSection(SolutionProperties) = preSolution
		HideSolutionNode = FALSE
	EndGlobalSection
	GlobalSection(ExtensibilityGlobals) = postSolution
		SolutionGuid = {B39FEE19-D43D-4A8F-B7AA-0E4B8EDE6D85}
	EndGlobalSection
EndGlobal
